// !$*UTF8*$!
{
	archiveVersion = 1;
	classes = {
	};
	objectVersion = 46;
	objects = {

/* Begin PBXBuildFile section */
		89BABA571D1A3AB200E32994 /* AppDelegate.swift in Sources */ = {isa = PBXBuildFile; fileRef = 89BABA561D1A3AB200E32994 /* AppDelegate.swift */; };
		89BABA591D1A3AB200E32994 /* ViewController.swift in Sources */ = {isa = PBXBuildFile; fileRef = 89BABA581D1A3AB200E32994 /* ViewController.swift */; };
		89BABA5C1D1A3AB200E32994 /* Main.storyboard in Resources */ = {isa = PBXBuildFile; fileRef = 89BABA5A1D1A3AB200E32994 /* Main.storyboard */; };
		89BABA5E1D1A3AB200E32994 /* Assets.xcassets in Resources */ = {isa = PBXBuildFile; fileRef = 89BABA5D1D1A3AB200E32994 /* Assets.xcassets */; };
		89BABA611D1A3AB200E32994 /* LaunchScreen.storyboard in Resources */ = {isa = PBXBuildFile; fileRef = 89BABA5F1D1A3AB200E32994 /* LaunchScreen.storyboard */; };
		89BABA6C1D1A3AB200E32994 /* My_First_AppTests.swift in Sources */ = {isa = PBXBuildFile; fileRef = 89BABA6B1D1A3AB200E32994 /* My_First_AppTests.swift */; };
		89BABA771D1A3AB200E32994 /* My_First_AppUITests.swift in Sources */ = {isa = PBXBuildFile; fileRef = 89BABA761D1A3AB200E32994 /* My_First_AppUITests.swift */; };
/* End PBXBuildFile section */

/* Begin PBXContainerItemProxy section */
		89BABA681D1A3AB200E32994 /* PBXContainerItemProxy */ = {
			isa = PBXContainerItemProxy;
			containerPortal = 89BABA4B1D1A3AB200E32994 /* Project object */;
			proxyType = 1;
			remoteGlobalIDString = 89BABA521D1A3AB200E32994;
			remoteInfo = "My First App";
		};
		89BABA731D1A3AB200E32994 /* PBXContainerItemProxy */ = {
			isa = PBXContainerItemProxy;
			containerPortal = 89BABA4B1D1A3AB200E32994 /* Project object */;
			proxyType = 1;
			remoteGlobalIDString = 89BABA521D1A3AB200E32994;
			remoteInfo = "My First App";
		};
/* End PBXContainerItemProxy section */

/* Begin PBXFileReference section */
		89BABA531D1A3AB200E32994 /* My First App.app */ = {isa = PBXFileReference; explicitFileType = wrapper.application; includeInIndex = 0; path = "My First App.app"; sourceTree = BUILT_PRODUCTS_DIR; };
		89BABA561D1A3AB200E32994 /* AppDelegate.swift */ = {isa = PBXFileReference; lastKnownFileType = sourcecode.swift; path = AppDelegate.swift; sourceTree = "<group>"; };
		89BABA581D1A3AB200E32994 /* ViewController.swift */ = {isa = PBXFileReference; lastKnownFileType = sourcecode.swift; path = ViewController.swift; sourceTree = "<group>"; };
		89BABA5B1D1A3AB200E32994 /* Base */ = {isa = PBXFileReference; lastKnownFileType = file.storyboard; name = Base; path = Base.lproj/Main.storyboard; sourceTree = "<group>"; };
		89BABA5D1D1A3AB200E32994 /* Assets.xcassets */ = {isa = PBXFileReference; lastKnownFileType = folder.assetcatalog; path = Assets.xcassets; sourceTree = "<group>"; };
		89BABA601D1A3AB200E32994 /* Base */ = {isa = PBXFileReference; lastKnownFileType = file.storyboard; name = Base; path = Base.lproj/LaunchScreen.storyboard; sourceTree = "<group>"; };
		89BABA621D1A3AB200E32994 /* Info.plist */ = {isa = PBXFileReference; lastKnownFileType = text.plist.xml; path = Info.plist; sourceTree = "<group>"; };
		89BABA671D1A3AB200E32994 /* My First AppTests.xctest */ = {isa = PBXFileReference; explicitFileType = wrapper.cfbundle; includeInIndex = 0; path = "My First AppTests.xctest"; sourceTree = BUILT_PRODUCTS_DIR; };
		89BABA6B1D1A3AB200E32994 /* My_First_AppTests.swift */ = {isa = PBXFileReference; lastKnownFileType = sourcecode.swift; path = My_First_AppTests.swift; sourceTree = "<group>"; };
		89BABA6D1D1A3AB200E32994 /* Info.plist */ = {isa = PBXFileReference; lastKnownFileType = text.plist.xml; path = Info.plist; sourceTree = "<group>"; };
		89BABA721D1A3AB200E32994 /* My First AppUITests.xctest */ = {isa = PBXFileReference; explicitFileType = wrapper.cfbundle; includeInIndex = 0; path = "My First AppUITests.xctest"; sourceTree = BUILT_PRODUCTS_DIR; };
		89BABA761D1A3AB200E32994 /* My_First_AppUITests.swift */ = {isa = PBXFileReference; lastKnownFileType = sourcecode.swift; path = My_First_AppUITests.swift; sourceTree = "<group>"; };
		89BABA781D1A3AB200E32994 /* Info.plist */ = {isa = PBXFileReference; lastKnownFileType = text.plist.xml; path = Info.plist; sourceTree = "<group>"; };
/* End PBXFileReference section */

/* Begin PBXFrameworksBuildPhase section */
		89BABA501D1A3AB200E32994 /* Frameworks */ = {
			isa = PBXFrameworksBuildPhase;
			buildActionMask = 2147483647;
			files = (
			);
			runOnlyForDeploymentPostprocessing = 0;
		};
		89BABA641D1A3AB200E32994 /* Frameworks */ = {
			isa = PBXFrameworksBuildPhase;
			buildActionMask = 2147483647;
			files = (
			);
			runOnlyForDeploymentPostprocessing = 0;
		};
		89BABA6F1D1A3AB200E32994 /* Frameworks */ = {
			isa = PBXFrameworksBuildPhase;
			buildActionMask = 2147483647;
			files = (
			);
			runOnlyForDeploymentPostprocessing = 0;
		};
/* End PBXFrameworksBuildPhase section */

/* Begin PBXGroup section */
		89BABA4A1D1A3AB200E32994 = {
			isa = PBXGroup;
			children = (
				89BABA551D1A3AB200E32994 /* My First App */,
				89BABA6A1D1A3AB200E32994 /* My First AppTests */,
				89BABA751D1A3AB200E32994 /* My First AppUITests */,
				89BABA541D1A3AB200E32994 /* Products */,
			);
			sourceTree = "<group>";
		};
		89BABA541D1A3AB200E32994 /* Products */ = {
			isa = PBXGroup;
			children = (
				89BABA531D1A3AB200E32994 /* My First App.app */,
				89BABA671D1A3AB200E32994 /* My First AppTests.xctest */,
				89BABA721D1A3AB200E32994 /* My First AppUITests.xctest */,
			);
			name = Products;
			sourceTree = "<group>";
		};
		89BABA551D1A3AB200E32994 /* My First App */ = {
			isa = PBXGroup;
			children = (
				89BABA561D1A3AB200E32994 /* AppDelegate.swift */,
				89BABA581D1A3AB200E32994 /* ViewController.swift */,
				89BABA5A1D1A3AB200E32994 /* Main.storyboard */,
				89BABA5D1D1A3AB200E32994 /* Assets.xcassets */,
				89BABA5F1D1A3AB200E32994 /* LaunchScreen.storyboard */,
				89BABA621D1A3AB200E32994 /* Info.plist */,
			);
			path = "My First App";
			sourceTree = "<group>";
		};
		89BABA6A1D1A3AB200E32994 /* My First AppTests */ = {
			isa = PBXGroup;
			children = (
				89BABA6B1D1A3AB200E32994 /* My_First_AppTests.swift */,
				89BABA6D1D1A3AB200E32994 /* Info.plist */,
			);
			path = "My First AppTests";
			sourceTree = "<group>";
		};
		89BABA751D1A3AB200E32994 /* My First AppUITests */ = {
			isa = PBXGroup;
			children = (
				89BABA761D1A3AB200E32994 /* My_First_AppUITests.swift */,
				89BABA781D1A3AB200E32994 /* Info.plist */,
			);
			path = "My First AppUITests";
			sourceTree = "<group>";
		};
/* End PBXGroup section */

/* Begin PBXNativeTarget section */
		89BABA521D1A3AB200E32994 /* My First App */ = {
			isa = PBXNativeTarget;
			buildConfigurationList = 89BABA7B1D1A3AB200E32994 /* Build configuration list for PBXNativeTarget "My First App" */;
			buildPhases = (
				89BABA4F1D1A3AB200E32994 /* Sources */,
				89BABA501D1A3AB200E32994 /* Frameworks */,
				89BABA511D1A3AB200E32994 /* Resources */,
			);
			buildRules = (
			);
			dependencies = (
			);
			name = "My First App";
			productName = "My First App";
			productReference = 89BABA531D1A3AB200E32994 /* My First App.app */;
			productType = "com.apple.product-type.application";
		};
		89BABA661D1A3AB200E32994 /* My First AppTests */ = {
			isa = PBXNativeTarget;
			buildConfigurationList = 89BABA7E1D1A3AB200E32994 /* Build configuration list for PBXNativeTarget "My First AppTests" */;
			buildPhases = (
				89BABA631D1A3AB200E32994 /* Sources */,
				89BABA641D1A3AB200E32994 /* Frameworks */,
				89BABA651D1A3AB200E32994 /* Resources */,
			);
			buildRules = (
			);
			dependencies = (
				89BABA691D1A3AB200E32994 /* PBXTargetDependency */,
			);
			name = "My First AppTests";
			productName = "My First AppTests";
			productReference = 89BABA671D1A3AB200E32994 /* My First AppTests.xctest */;
			productType = "com.apple.product-type.bundle.unit-test";
		};
		89BABA711D1A3AB200E32994 /* My First AppUITests */ = {
			isa = PBXNativeTarget;
			buildConfigurationList = 89BABA811D1A3AB200E32994 /* Build configuration list for PBXNativeTarget "My First AppUITests" */;
			buildPhases = (
				89BABA6E1D1A3AB200E32994 /* Sources */,
				89BABA6F1D1A3AB200E32994 /* Frameworks */,
				89BABA701D1A3AB200E32994 /* Resources */,
			);
			buildRules = (
			);
			dependencies = (
				89BABA741D1A3AB200E32994 /* PBXTargetDependency */,
			);
			name = "My First AppUITests";
			productName = "My First AppUITests";
			productReference = 89BABA721D1A3AB200E32994 /* My First AppUITests.xctest */;
			productType = "com.apple.product-type.bundle.ui-testing";
		};
/* End PBXNativeTarget section */

/* Begin PBXProject section */
		89BABA4B1D1A3AB200E32994 /* Project object */ = {
			isa = PBXProject;
			attributes = {
				LastSwiftUpdateCheck = 0730;
				LastUpgradeCheck = 0730;
				ORGANIZATIONNAME = Wanwisa;
				TargetAttributes = {
					89BABA521D1A3AB200E32994 = {
						CreatedOnToolsVersion = 7.3.1;
					};
					89BABA661D1A3AB200E32994 = {
						CreatedOnToolsVersion = 7.3.1;
						TestTargetID = 89BABA521D1A3AB200E32994;
					};
					89BABA711D1A3AB200E32994 = {
						CreatedOnToolsVersion = 7.3.1;
						TestTargetID = 89BABA521D1A3AB200E32994;
					};
				};
			};
			buildConfigurationList = 89BABA4E1D1A3AB200E32994 /* Build configuration list for PBXProject "My First App" */;
			compatibilityVersion = "Xcode 3.2";
			developmentRegion = English;
			hasScannedForEncodings = 0;
			knownRegions = (
				en,
				Base,
			);
			mainGroup = 89BABA4A1D1A3AB200E32994;
			productRefGroup = 89BABA541D1A3AB200E32994 /* Products */;
			projectDirPath = "";
			projectRoot = "";
			targets = (
				89BABA521D1A3AB200E32994 /* My First App */,
				89BABA661D1A3AB200E32994 /* My First AppTests */,
				89BABA711D1A3AB200E32994 /* My First AppUITests */,
			);
		};
/* End PBXProject section */

/* Begin PBXResourcesBuildPhase section */
		89BABA511D1A3AB200E32994 /* Resources */ = {
			isa = PBXResourcesBuildPhase;
			buildActionMask = 2147483647;
			files = (
				89BABA611D1A3AB200E32994 /* LaunchScreen.storyboard in Resources */,
				89BABA5E1D1A3AB200E32994 /* Assets.xcassets in Resources */,
				89BABA5C1D1A3AB200E32994 /* Main.storyboard in Resources */,
			);
			runOnlyForDeploymentPostprocessing = 0;
		};
		89BABA651D1A3AB200E32994 /* Resources */ = {
			isa = PBXResourcesBuildPhase;
			buildActionMask = 2147483647;
			files = (
			);
			runOnlyForDeploymentPostprocessing = 0;
		};
		89BABA701D1A3AB200E32994 /* Resources */ = {
			isa = PBXResourcesBuildPhase;
			buildActionMask = 2147483647;
			files = (
			);
			runOnlyForDeploymentPostprocessing = 0;
		};
/* End PBXResourcesBuildPhase section */

/* Begin PBXSourcesBuildPhase section */
		89BABA4F1D1A3AB200E32994 /* Sources */ = {
			isa = PBXSourcesBuildPhase;
			buildActionMask = 2147483647;
			files = (
				89BABA591D1A3AB200E32994 /* ViewController.swift in Sources */,
				89BABA571D1A3AB200E32994 /* AppDelegate.swift in Sources */,
			);
			runOnlyForDeploymentPostprocessing = 0;
		};
		89BABA631D1A3AB200E32994 /* Sources */ = {
			isa = PBXSourcesBuildPhase;
			buildActionMask = 2147483647;
			files = (
				89BABA6C1D1A3AB200E32994 /* My_First_AppTests.swift in Sources */,
			);
			runOnlyForDeploymentPostprocessing = 0;
		};
		89BABA6E1D1A3AB200E32994 /* Sources */ = {
			isa = PBXSourcesBuildPhase;
			buildActionMask = 2147483647;
			files = (
				89BABA771D1A3AB200E32994 /* My_First_AppUITests.swift in Sources */,
			);
			runOnlyForDeploymentPostprocessing = 0;
		};
/* End PBXSourcesBuildPhase section */

/* Begin PBXTargetDependency section */
		89BABA691D1A3AB200E32994 /* PBXTargetDependency */ = {
			isa = PBXTargetDependency;
			target = 89BABA521D1A3AB200E32994 /* My First App */;
			targetProxy = 89BABA681D1A3AB200E32994 /* PBXContainerItemProxy */;
		};
		89BABA741D1A3AB200E32994 /* PBXTargetDependency */ = {
			isa = PBXTargetDependency;
			target = 89BABA521D1A3AB200E32994 /* My First App */;
			targetProxy = 89BABA731D1A3AB200E32994 /* PBXContainerItemProxy */;
		};
/* End PBXTargetDependency section */

/* Begin PBXVariantGroup section */
		89BABA5A1D1A3AB200E32994 /* Main.storyboard */ = {
			isa = PBXVariantGroup;
			children = (
				89BABA5B1D1A3AB200E32994 /* Base */,
			);
			name = Main.storyboard;
			sourceTree = "<group>";
		};
		89BABA5F1D1A3AB200E32994 /* LaunchScreen.storyboard */ = {
			isa = PBXVariantGroup;
			children = (
				89BABA601D1A3AB200E32994 /* Base */,
			);
			name = LaunchScreen.storyboard;
			sourceTree = "<group>";
		};
/* End PBXVariantGroup section */

/* Begin XCBuildConfiguration section */
		89BABA791D1A3AB200E32994 /* Debug */ = {
			isa = XCBuildConfiguration;
			buildSettings = {
				ALWAYS_SEARCH_USER_PATHS = NO;
				CLANG_ANALYZER_NONNULL = YES;
				CLANG_CXX_LANGUAGE_STANDARD = "gnu++0x";
				CLANG_CXX_LIBRARY = "libc++";
				CLANG_ENABLE_MODULES = YES;
				CLANG_ENABLE_OBJC_ARC = YES;
				CLANG_WARN_BOOL_CONVERSION = YES;
				CLANG_WARN_CONSTANT_CONVERSION = YES;
				CLANG_WARN_DIRECT_OBJC_ISA_USAGE = YES_ERROR;
				CLANG_WARN_EMPTY_BODY = YES;
				CLANG_WARN_ENUM_CONVERSION = YES;
				CLANG_WARN_INT_CONVERSION = YES;
				CLANG_WARN_OBJC_ROOT_CLASS = YES_ERROR;
				CLANG_WARN_UNREACHABLE_CODE = YES;
				CLANG_WARN__DUPLICATE_METHOD_MATCH = YES;
				"CODE_SIGN_IDENTITY[sdk=iphoneos*]" = "iPhone Developer";
				COPY_PHASE_STRIP = NO;
				DEBUG_INFORMATION_FORMAT = dwarf;
				ENABLE_STRICT_OBJC_MSGSEND = YES;
				ENABLE_TESTABILITY = YES;
				GCC_C_LANGUAGE_STANDARD = gnu99;
				GCC_DYNAMIC_NO_PIC = NO;
				GCC_NO_COMMON_BLOCKS = YES;
				GCC_OPTIMIZATION_LEVEL = 0;
				GCC_PREPROCESSOR_DEFINITIONS = (
					"DEBUG=1",
					"$(inherited)",
				);
				GCC_WARN_64_TO_32_BIT_CONVERSION = YES;
				GCC_WARN_ABOUT_RETURN_TYPE = YES_ERROR;
				GCC_WARN_UNDECLARED_SELECTOR = YES;
				GCC_WARN_UNINITIALIZED_AUTOS = YES_AGGRESSIVE;
				GCC_WARN_UNUSED_FUNCTION = YES;
				GCC_WARN_UNUSED_VARIABLE = YES;
				IPHONEOS_DEPLOYMENT_TARGET = 9.3;
				MTL_ENABLE_DEBUG_INFO = YES;
				ONLY_ACTIVE_ARCH = YES;
				SDKROOT = iphoneos;
				SWIFT_OPTIMIZATION_LEVEL = "-Onone";
			};
			name = Debug;
		};
		89BABA7A1D1A3AB200E32994 /* Release */ = {
			isa = XCBuildConfiguration;
			buildSettings = {
				ALWAYS_SEARCH_USER_PATHS = NO;
				CLANG_ANALYZER_NONNULL = YES;
				CLANG_CXX_LANGUAGE_STANDARD = "gnu++0x";
				CLANG_CXX_LIBRARY = "libc++";
				CLANG_ENABLE_MODULES = YES;
				CLANG_ENABLE_OBJC_ARC = YES;
				CLANG_WARN_BOOL_CONVERSION = YES;
				CLANG_WARN_CONSTANT_CONVERSION = YES;
				CLANG_WARN_DIRECT_OBJC_ISA_USAGE = YES_ERROR;
				CLANG_WARN_EMPTY_BODY = YES;
				CLANG_WARN_ENUM_CONVERSION = YES;
				CLANG_WARN_INT_CONVERSION = YES;
				CLANG_WARN_OBJC_ROOT_CLASS = YES_ERROR;
				CLANG_WARN_UNREACHABLE_CODE = YES;
				CLANG_WARN__DUPLICATE_METHOD_MATCH = YES;
				"CODE_SIGN_IDENTITY[sdk=iphoneos*]" = "iPhone Developer";
				COPY_PHASE_STRIP = NO;
				DEBUG_INFORMATION_FORMAT = "dwarf-with-dsym";
				ENABLE_NS_ASSERTIONS = NO;
				ENABLE_STRICT_OBJC_MSGSEND = YES;
				GCC_C_LANGUAGE_STANDARD = gnu99;
				GCC_NO_COMMON_BLOCKS = YES;
				GCC_WARN_64_TO_32_BIT_CONVERSION = YES;
				GCC_WARN_ABOUT_RETURN_TYPE = YES_ERROR;
				GCC_WARN_UNDECLARED_SELECTOR = YES;
				GCC_WARN_UNINITIALIZED_AUTOS = YES_AGGRESSIVE;
				GCC_WARN_UNUSED_FUNCTION = YES;
				GCC_WARN_UNUSED_VARIABLE = YES;
				IPHONEOS_DEPLOYMENT_TARGET = 9.3;
				MTL_ENABLE_DEBUG_INFO = NO;
				SDKROOT = iphoneos;
				VALIDATE_PRODUCT = YES;
			};
			name = Release;
		};
		89BABA7C1D1A3AB200E32994 /* Debug */ = {
			isa = XCBuildConfiguration;
			buildSettings = {
				ASSETCATALOG_COMPILER_APPICON_NAME = AppIcon;
				INFOPLIST_FILE = "My First App/Info.plist";
				LD_RUNPATH_SEARCH_PATHS = "$(inherited) @executable_path/Frameworks";
				PRODUCT_BUNDLE_IDENTIFIER = "Wanwisa-PP.My-First-App";
				PRODUCT_NAME = "$(TARGET_NAME)";
			};
			name = Debug;
		};
		89BABA7D1D1A3AB200E32994 /* Release */ = {
			isa = XCBuildConfiguration;
			buildSettings = {
				ASSETCATALOG_COMPILER_APPICON_NAME = AppIcon;
				INFOPLIST_FILE = "My First App/Info.plist";
				LD_RUNPATH_SEARCH_PATHS = "$(inherited) @executable_path/Frameworks";
				PRODUCT_BUNDLE_IDENTIFIER = "Wanwisa-PP.My-First-App";
				PRODUCT_NAME = "$(TARGET_NAME)";
			};
			name = Release;
		};
		89BABA7F1D1A3AB200E32994 /* Debug */ = {
			isa = XCBuildConfiguration;
			buildSettings = {
				BUNDLE_LOADER = "$(TEST_HOST)";
				INFOPLIST_FILE = "My First AppTests/Info.plist";
				LD_RUNPATH_SEARCH_PATHS = "$(inherited) @executable_path/Frameworks @loader_path/Frameworks";
				PRODUCT_BUNDLE_IDENTIFIER = "Wanwisa-PP.My-First-AppTests";
				PRODUCT_NAME = "$(TARGET_NAME)";
				TEST_HOST = "$(BUILT_PRODUCTS_DIR)/My First App.app/My First App";
			};
			name = Debug;
		};
		89BABA801D1A3AB200E32994 /* Release */ = {
			isa = XCBuildConfiguration;
			buildSettings = {
				BUNDLE_LOADER = "$(TEST_HOST)";
				INFOPLIST_FILE = "My First AppTests/Info.plist";
				LD_RUNPATH_SEARCH_PATHS = "$(inherited) @executable_path/Frameworks @loader_path/Frameworks";
				PRODUCT_BUNDLE_IDENTIFIER = "Wanwisa-PP.My-First-AppTests";
				PRODUCT_NAME = "$(TARGET_NAME)";
				TEST_HOST = "$(BUILT_PRODUCTS_DIR)/My First App.app/My First App";
			};
			name = Release;
		};
		89BABA821D1A3AB200E32994 /* Debug */ = {
			isa = XCBuildConfiguration;
			buildSettings = {
				INFOPLIST_FILE = "My First AppUITests/Info.plist";
				LD_RUNPATH_SEARCH_PATHS = "$(inherited) @executable_path/Frameworks @loader_path/Frameworks";
				PRODUCT_BUNDLE_IDENTIFIER = "Wanwisa-PP.My-First-AppUITests";
				PRODUCT_NAME = "$(TARGET_NAME)";
				TEST_TARGET_NAME = "My First App";
			};
			name = Debug;
		};
		89BABA831D1A3AB200E32994 /* Release */ = {
			isa = XCBuildConfiguration;
			buildSettings = {
				INFOPLIST_FILE = "My First AppUITests/Info.plist";
				LD_RUNPATH_SEARCH_PATHS = "$(inherited) @executable_path/Frameworks @loader_path/Frameworks";
				PRODUCT_BUNDLE_IDENTIFIER = "Wanwisa-PP.My-First-AppUITests";
				PRODUCT_NAME = "$(TARGET_NAME)";
				TEST_TARGET_NAME = "My First App";
			};
			name = Release;
		};
/* End XCBuildConfiguration section */

/* Begin XCConfigurationList section */
		89BABA4E1D1A3AB200E32994 /* Build configuration list for PBXProject "My First App" */ = {
			isa = XCConfigurationList;
			buildConfigurations = (
				89BABA791D1A3AB200E32994 /* Debug */,
				89BABA7A1D1A3AB200E32994 /* Release */,
			);
			defaultConfigurationIsVisible = 0;
			defaultConfigurationName = Release;
		};
		89BABA7B1D1A3AB200E32994 /* Build configuration list for PBXNativeTarget "My First App" */ = {
			isa = XCConfigurationList;
			buildConfigurations = (
				89BABA7C1D1A3AB200E32994 /* Debug */,
				89BABA7D1D1A3AB200E32994 /* Release */,
			);
			defaultConfigurationIsVisible = 0;
		};
		89BABA7E1D1A3AB200E32994 /* Build configuration list for PBXNativeTarget "My First AppTests" */ = {
			isa = XCConfigurationList;
			buildConfigurations = (
				89BABA7F1D1A3AB200E32994 /* Debug */,
				89BABA801D1A3AB200E32994 /* Release */,
			);
			defaultConfigurationIsVisible = 0;
		};
		89BABA811D1A3AB200E32994 /* Build configuration list for PBXNativeTarget "My First AppUITests" */ = {
			isa = XCConfigurationList;
			buildConfigurations = (
				89BABA821D1A3AB200E32994 /* Debug */,
				89BABA831D1A3AB200E32994 /* Release */,
			);
			defaultConfigurationIsVisible = 0;
		};
/* End XCConfigurationList section */
	};
	rootObject = 89BABA4B1D1A3AB200E32994 /* Project object */;
}
